
Microsoft Visual Studio Solution File, Format Version 12.00
# Visual Studio 2012
Project("{FAE04EC0-301F-11D3-BF4B-00C04F79EFBC}") = "HelloWorldService", "HelloWorldService\HelloWorldService.csproj", "{CC933D3A-6C82-43BE-A3D5-7BC358926060}"
EndProject
Project("{FAE04EC0-301F-11D3-BF4B-00C04F79EFBC}") = "HostDevServer", "HostDevServer\HostDevServer.csproj", "{ABD37630-F213-4F5F-ABD4-3D56A4FD4562}"
EndProject
Project("{FAE04EC0-301F-11D3-BF4B-00C04F79EFBC}") = "HelloWorld", "HelloWorld\HelloWorld.csproj", "{01692683-FD06-4827-9ADF-DD39482EC428}"
EndProject
Global
	GlobalSection(SolutionConfigurationPlatforms) = preSolution
		Debug|Any CPU = Debug|Any CPU
		Release|Any CPU = Release|Any CPU
	EndGlobalSection
	GlobalSection(ProjectConfigurationPlatforms) = postSolution
		{CC933D3A-6C82-43BE-A3D5-7BC358926060}.Debug|Any CPU.ActiveCfg = Debug|Any CPU
		{CC933D3A-6C82-43BE-A3D5-7BC358926060}.Debug|Any CPU.Build.0 = Debug|Any CPU
		{CC933D3A-6C82-43BE-A3D5-7BC358926060}.Release|Any CPU.ActiveCfg = Release|Any CPU
		{CC933D3A-6C82-43BE-A3D5-7BC358926060}.Release|Any CPU.Build.0 = Release|Any CPU
		{ABD37630-F213-4F5F-ABD4-3D56A4FD4562}.Debug|Any CPU.ActiveCfg = Debug|Any CPU
		{ABD37630-F213-4F5F-ABD4-3D56A4FD4562}.Debug|Any CPU.Build.0 = Debug|Any CPU
		{ABD37630-F213-4F5F-ABD4-3D56A4FD4562}.Release|Any CPU.ActiveCfg = Release|Any CPU
		{ABD37630-F213-4F5F-ABD4-3D56A4FD4562}.Release|Any CPU.Build.0 = Release|Any CPU
		{01692683-FD06-4827-9ADF-DD39482EC428}.Debug|Any CPU.ActiveCfg = Debug|Any CPU
		{01692683-FD06-4827-9ADF-DD39482EC428}.Debug|Any CPU.Build.0 = Debug|Any CPU
		{01692683-FD06-4827-9ADF-DD39482EC428}.Release|Any CPU.ActiveCfg = Release|Any CPU
		{01692683-FD06-4827-9ADF-DD39482EC428}.Release|Any CPU.Build.0 = Release|Any CPU
	EndGlobalSection
	GlobalSection(SolutionProperties) = preSolution
		HideSolutionNode = FALSE
	EndGlobalSection
EndGlobal
